
Microsoft Visual Studio Solution File, Format Version 12.00
Project("{FAE04EC0-301F-11D3-BF4B-00C04F79EFBC}") = "MoviesManagement.Core", "MoviesManagement.Core\MoviesManagement.Core.csproj", "{D3988B49-5FA8-415D-8E6D-3A63266EE537}"
EndProject
Project("{FAE04EC0-301F-11D3-BF4B-00C04F79EFBC}") = "MoviesManagement.Domain", "MoviesManagement.Domain\MoviesManagement.Domain.csproj", "{3022E902-D46E-434B-B1A7-257CCFC034BD}"
EndProject
Project("{FAE04EC0-301F-11D3-BF4B-00C04F79EFBC}") = "MoviesManagement.Infrastructure", "MoviesManagement.Infrastructure\MoviesManagement.Infrastructure.csproj", "{5E17BD67-BC60-4D61-B56B-AA7CD9CA266B}"
EndProject
Project("{FAE04EC0-301F-11D3-BF4B-00C04F79EFBC}") = "MoviesManagement.API", "MoviesManagement.API\MoviesManagement.API.csproj", "{90E8EC25-2196-4FB2-9424-C7A77CD2E7F3}"
EndProject
Global
	GlobalSection(SolutionConfigurationPlatforms) = preSolution
		Debug|Any CPU = Debug|Any CPU
		Release|Any CPU = Release|Any CPU
	EndGlobalSection
	GlobalSection(ProjectConfigurationPlatforms) = postSolution
		{D3988B49-5FA8-415D-8E6D-3A63266EE537}.Debug|Any CPU.ActiveCfg = Debug|Any CPU
		{D3988B49-5FA8-415D-8E6D-3A63266EE537}.Debug|Any CPU.Build.0 = Debug|Any CPU
		{D3988B49-5FA8-415D-8E6D-3A63266EE537}.Release|Any CPU.ActiveCfg = Release|Any CPU
		{D3988B49-5FA8-415D-8E6D-3A63266EE537}.Release|Any CPU.Build.0 = Release|Any CPU
		{3022E902-D46E-434B-B1A7-257CCFC034BD}.Debug|Any CPU.ActiveCfg = Debug|Any CPU
		{3022E902-D46E-434B-B1A7-257CCFC034BD}.Debug|Any CPU.Build.0 = Debug|Any CPU
		{3022E902-D46E-434B-B1A7-257CCFC034BD}.Release|Any CPU.ActiveCfg = Release|Any CPU
		{3022E902-D46E-434B-B1A7-257CCFC034BD}.Release|Any CPU.Build.0 = Release|Any CPU
		{5E17BD67-BC60-4D61-B56B-AA7CD9CA266B}.Debug|Any CPU.ActiveCfg = Debug|Any CPU
		{5E17BD67-BC60-4D61-B56B-AA7CD9CA266B}.Debug|Any CPU.Build.0 = Debug|Any CPU
		{5E17BD67-BC60-4D61-B56B-AA7CD9CA266B}.Release|Any CPU.ActiveCfg = Release|Any CPU
		{5E17BD67-BC60-4D61-B56B-AA7CD9CA266B}.Release|Any CPU.Build.0 = Release|Any CPU
		{90E8EC25-2196-4FB2-9424-C7A77CD2E7F3}.Debug|Any CPU.ActiveCfg = Debug|Any CPU
		{90E8EC25-2196-4FB2-9424-C7A77CD2E7F3}.Debug|Any CPU.Build.0 = Debug|Any CPU
		{90E8EC25-2196-4FB2-9424-C7A77CD2E7F3}.Release|Any CPU.ActiveCfg = Release|Any CPU
		{90E8EC25-2196-4FB2-9424-C7A77CD2E7F3}.Release|Any CPU.Build.0 = Release|Any CPU
	EndGlobalSection
EndGlobal
